// !$*UTF8*$!
{
	archiveVersion = 1;
	classes = {
	};
	objectVersion = 46;
	objects = {

/* Begin PBXBuildFile section */
		813CEB811F460A5D003A9E44 /* AppDelegate.swift in Sources */ = {isa = PBXBuildFile; fileRef = 813CEB801F460A5D003A9E44 /* AppDelegate.swift */; };
		813CEB831F460A5D003A9E44 /* ViewController.swift in Sources */ = {isa = PBXBuildFile; fileRef = 813CEB821F460A5D003A9E44 /* ViewController.swift */; };
		813CEB861F460A5D003A9E44 /* Main.storyboard in Resources */ = {isa = PBXBuildFile; fileRef = 813CEB841F460A5D003A9E44 /* Main.storyboard */; };
		813CEB881F460A5D003A9E44 /* Assets.xcassets in Resources */ = {isa = PBXBuildFile; fileRef = 813CEB871F460A5D003A9E44 /* Assets.xcassets */; };
		813CEB8B1F460A5D003A9E44 /* LaunchScreen.storyboard in Resources */ = {isa = PBXBuildFile; fileRef = 813CEB891F460A5D003A9E44 /* LaunchScreen.storyboard */; };
		813CEB931F460ADB003A9E44 /* MainCell.swift in Sources */ = {isa = PBXBuildFile; fileRef = 813CEB921F460ADB003A9E44 /* MainCell.swift */; };
		813CEB951F460C46003A9E44 /* News.swift in Sources */ = {isa = PBXBuildFile; fileRef = 813CEB941F460C46003A9E44 /* News.swift */; };
		813CEB971F461207003A9E44 /* SecondVC.swift in Sources */ = {isa = PBXBuildFile; fileRef = 813CEB961F461207003A9E44 /* SecondVC.swift */; };
		8F0FAA6AC387A26A937C746A /* Pods_Shoppr.framework in Frameworks */ = {isa = PBXBuildFile; fileRef = E263A7EA103EED4444A9EBB9 /* Pods_Shoppr.framework */; };
/* End PBXBuildFile section */

/* Begin PBXFileReference section */
		16077E1DB9AA408267771ECB /* Pods-Shoppr.debug.xcconfig */ = {isa = PBXFileReference; includeInIndex = 1; lastKnownFileType = text.xcconfig; name = "Pods-Shoppr.debug.xcconfig"; path = "Pods/Target Support Files/Pods-Shoppr/Pods-Shoppr.debug.xcconfig"; sourceTree = "<group>"; };
		813CEB7D1F460A5D003A9E44 /* Shoppr.app */ = {isa = PBXFileReference; explicitFileType = wrapper.application; includeInIndex = 0; path = Shoppr.app; sourceTree = BUILT_PRODUCTS_DIR; };
		813CEB801F460A5D003A9E44 /* AppDelegate.swift */ = {isa = PBXFileReference; lastKnownFileType = sourcecode.swift; path = AppDelegate.swift; sourceTree = "<group>"; };
		813CEB821F460A5D003A9E44 /* ViewController.swift */ = {isa = PBXFileReference; lastKnownFileType = sourcecode.swift; path = ViewController.swift; sourceTree = "<group>"; };
		813CEB851F460A5D003A9E44 /* Base */ = {isa = PBXFileReference; lastKnownFileType = file.storyboard; name = Base; path = Base.lproj/Main.storyboard; sourceTree = "<group>"; };
		813CEB871F460A5D003A9E44 /* Assets.xcassets */ = {isa = PBXFileReference; lastKnownFileType = folder.assetcatalog; path = Assets.xcassets; sourceTree = "<group>"; };
		813CEB8A1F460A5D003A9E44 /* Base */ = {isa = PBXFileReference; lastKnownFileType = file.storyboard; name = Base; path = Base.lproj/LaunchScreen.storyboard; sourceTree = "<group>"; };
		813CEB8C1F460A5D003A9E44 /* Info.plist */ = {isa = PBXFileReference; lastKnownFileType = text.plist.xml; path = Info.plist; sourceTree = "<group>"; };
		813CEB921F460ADB003A9E44 /* MainCell.swift */ = {isa = PBXFileReference; fileEncoding = 4; lastKnownFileType = sourcecode.swift; path = MainCell.swift; sourceTree = "<group>"; };
		813CEB941F460C46003A9E44 /* News.swift */ = {isa = PBXFileReference; fileEncoding = 4; lastKnownFileType = sourcecode.swift; path = News.swift; sourceTree = "<group>"; };
		813CEB961F461207003A9E44 /* SecondVC.swift */ = {isa = PBXFileReference; fileEncoding = 4; lastKnownFileType = sourcecode.swift; path = SecondVC.swift; sourceTree = "<group>"; };
		87BEAF436212C7A95E63B0D8 /* Pods-Shoppr.release.xcconfig */ = {isa = PBXFileReference; includeInIndex = 1; lastKnownFileType = text.xcconfig; name = "Pods-Shoppr.release.xcconfig"; path = "Pods/Target Support Files/Pods-Shoppr/Pods-Shoppr.release.xcconfig"; sourceTree = "<group>"; };
		E263A7EA103EED4444A9EBB9 /* Pods_Shoppr.framework */ = {isa = PBXFileReference; explicitFileType = wrapper.framework; includeInIndex = 0; path = Pods_Shoppr.framework; sourceTree = BUILT_PRODUCTS_DIR; };
/* End PBXFileReference section */

/* Begin PBXFrameworksBuildPhase section */
		813CEB7A1F460A5D003A9E44 /* Frameworks */ = {
			isa = PBXFrameworksBuildPhase;
			buildActionMask = 2147483647;
			files = (
				8F0FAA6AC387A26A937C746A /* Pods_Shoppr.framework in Frameworks */,
			);
			runOnlyForDeploymentPostprocessing = 0;
		};
/* End PBXFrameworksBuildPhase section */

/* Begin PBXGroup section */
		3124242E18812FD6D36333B7 /* Frameworks */ = {
			isa = PBXGroup;
			children = (
				E263A7EA103EED4444A9EBB9 /* Pods_Shoppr.framework */,
			);
			name = Frameworks;
			sourceTree = "<group>";
		};
		420BF4E6614DED767981A5A0 /* Pods */ = {
			isa = PBXGroup;
			children = (
				16077E1DB9AA408267771ECB /* Pods-Shoppr.debug.xcconfig */,
				87BEAF436212C7A95E63B0D8 /* Pods-Shoppr.release.xcconfig */,
			);
			name = Pods;
			sourceTree = "<group>";
		};
		813CEB741F460A5D003A9E44 = {
			isa = PBXGroup;
			children = (
				813CEB7F1F460A5D003A9E44 /* Shoppr */,
				813CEB7E1F460A5D003A9E44 /* Products */,
				420BF4E6614DED767981A5A0 /* Pods */,
				3124242E18812FD6D36333B7 /* Frameworks */,
			);
			sourceTree = "<group>";
		};
		813CEB7E1F460A5D003A9E44 /* Products */ = {
			isa = PBXGroup;
			children = (
				813CEB7D1F460A5D003A9E44 /* Shoppr.app */,
			);
			name = Products;
			sourceTree = "<group>";
		};
		813CEB7F1F460A5D003A9E44 /* Shoppr */ = {
			isa = PBXGroup;
			children = (
				813CEB801F460A5D003A9E44 /* AppDelegate.swift */,
				813CEB821F460A5D003A9E44 /* ViewController.swift */,
				813CEB961F461207003A9E44 /* SecondVC.swift */,
				813CEB941F460C46003A9E44 /* News.swift */,
				813CEB841F460A5D003A9E44 /* Main.storyboard */,
				813CEB921F460ADB003A9E44 /* MainCell.swift */,
				813CEB871F460A5D003A9E44 /* Assets.xcassets */,
				813CEB891F460A5D003A9E44 /* LaunchScreen.storyboard */,
				813CEB8C1F460A5D003A9E44 /* Info.plist */,
			);
			path = Shoppr;
			sourceTree = "<group>";
		};
/* End PBXGroup section */

/* Begin PBXNativeTarget section */
		813CEB7C1F460A5D003A9E44 /* Shoppr */ = {
			isa = PBXNativeTarget;
			buildConfigurationList = 813CEB8F1F460A5D003A9E44 /* Build configuration list for PBXNativeTarget "Shoppr" */;
			buildPhases = (
				8572CFD8557576724C803001 /* [CP] Check Pods Manifest.lock */,
				813CEB791F460A5D003A9E44 /* Sources */,
				813CEB7A1F460A5D003A9E44 /* Frameworks */,
				813CEB7B1F460A5D003A9E44 /* Resources */,
				342F0957F640EACDC87AC2D6 /* [CP] Embed Pods Frameworks */,
				8DB4F2A3972E39570C8D8268 /* [CP] Copy Pods Resources */,
			);
			buildRules = (
			);
			dependencies = (
			);
			name = Shoppr;
			productName = Shoppr;
			productReference = 813CEB7D1F460A5D003A9E44 /* Shoppr.app */;
			productType = "com.apple.product-type.application";
		};
/* End PBXNativeTarget section */

/* Begin PBXProject section */
		813CEB751F460A5D003A9E44 /* Project object */ = {
			isa = PBXProject;
			attributes = {
				LastSwiftUpdateCheck = 0830;
				LastUpgradeCheck = 0830;
				ORGANIZATIONNAME = "Mohd Adam";
				TargetAttributes = {
					813CEB7C1F460A5D003A9E44 = {
						CreatedOnToolsVersion = 8.3.3;
						DevelopmentTeam = 3F9ZJ33XLL;
						ProvisioningStyle = Automatic;
					};
				};
			};
			buildConfigurationList = 813CEB781F460A5D003A9E44 /* Build configuration list for PBXProject "Shoppr" */;
			compatibilityVersion = "Xcode 3.2";
			developmentRegion = English;
			hasScannedForEncodings = 0;
			knownRegions = (
				en,
				Base,
			);
			mainGroup = 813CEB741F460A5D003A9E44;
			productRefGroup = 813CEB7E1F460A5D003A9E44 /* Products */;
			projectDirPath = "";
			projectRoot = "";
			targets = (
				813CEB7C1F460A5D003A9E44 /* Shoppr */,
			);
		};
/* End PBXProject section */

/* Begin PBXResourcesBuildPhase section */
		813CEB7B1F460A5D003A9E44 /* Resources */ = {
			isa = PBXResourcesBuildPhase;
			buildActionMask = 2147483647;
			files = (
				813CEB8B1F460A5D003A9E44 /* LaunchScreen.storyboard in Resources */,
				813CEB881F460A5D003A9E44 /* Assets.xcassets in Resources */,
				813CEB861F460A5D003A9E44 /* Main.storyboard in Resources */,
			);
			runOnlyForDeploymentPostprocessing = 0;
		};
/* End PBXResourcesBuildPhase section */

/* Begin PBXShellScriptBuildPhase section */
		342F0957F640EACDC87AC2D6 /* [CP] Embed Pods Frameworks */ = {
			isa = PBXShellScriptBuildPhase;
			buildActionMask = 2147483647;
			files = (
			);
			inputPaths = (
			);
			name = "[CP] Embed Pods Frameworks";
			outputPaths = (
			);
			runOnlyForDeploymentPostprocessing = 0;
			shellPath = /bin/sh;
			shellScript = "\"${SRCROOT}/Pods/Target Support Files/Pods-Shoppr/Pods-Shoppr-frameworks.sh\"\n";
			showEnvVarsInLog = 0;
		};
		8572CFD8557576724C803001 /* [CP] Check Pods Manifest.lock */ = {
			isa = PBXShellScriptBuildPhase;
			buildActionMask = 2147483647;
			files = (
			);
			inputPaths = (
			);
			name = "[CP] Check Pods Manifest.lock";
			outputPaths = (
			);
			runOnlyForDeploymentPostprocessing = 0;
			shellPath = /bin/sh;
			shellScript = "diff \"${PODS_ROOT}/../Podfile.lock\" \"${PODS_ROOT}/Manifest.lock\" > /dev/null\nif [ $? != 0 ] ; then\n    # print error to STDERR\n    echo \"error: The sandbox is not in sync with the Podfile.lock. Run 'pod install' or update your CocoaPods installation.\" >&2\n    exit 1\nfi\n";
			showEnvVarsInLog = 0;
		};
		8DB4F2A3972E39570C8D8268 /* [CP] Copy Pods Resources */ = {
			isa = PBXShellScriptBuildPhase;
			buildActionMask = 2147483647;
			files = (
			);
			inputPaths = (
			);
			name = "[CP] Copy Pods Resources";
			outputPaths = (
			);
			runOnlyForDeploymentPostprocessing = 0;
			shellPath = /bin/sh;
			shellScript = "\"${SRCROOT}/Pods/Target Support Files/Pods-Shoppr/Pods-Shoppr-resources.sh\"\n";
			showEnvVarsInLog = 0;
		};
/* End PBXShellScriptBuildPhase section */

/* Begin PBXSourcesBuildPhase section */
		813CEB791F460A5D003A9E44 /* Sources */ = {
			isa = PBXSourcesBuildPhase;
			buildActionMask = 2147483647;
			files = (
				813CEB831F460A5D003A9E44 /* ViewController.swift in Sources */,
				813CEB971F461207003A9E44 /* SecondVC.swift in Sources */,
				813CEB811F460A5D003A9E44 /* AppDelegate.swift in Sources */,
				813CEB951F460C46003A9E44 /* News.swift in Sources */,
				813CEB931F460ADB003A9E44 /* MainCell.swift in Sources */,
			);
			runOnlyForDeploymentPostprocessing = 0;
		};
/* End PBXSourcesBuildPhase section */

/* Begin PBXVariantGroup section */
		813CEB841F460A5D003A9E44 /* Main.storyboard */ = {
			isa = PBXVariantGroup;
			children = (
				813CEB851F460A5D003A9E44 /* Base */,
			);
			name = Main.storyboard;
			sourceTree = "<group>";
		};
		813CEB891F460A5D003A9E44 /* LaunchScreen.storyboard */ = {
			isa = PBXVariantGroup;
			children = (
				813CEB8A1F460A5D003A9E44 /* Base */,
			);
			name = LaunchScreen.storyboard;
			sourceTree = "<group>";
		};
/* End PBXVariantGroup section */

/* Begin XCBuildConfiguration section */
		813CEB8D1F460A5D003A9E44 /* Debug */ = {
			isa = XCBuildConfiguration;
			buildSettings = {
				ALWAYS_SEARCH_USER_PATHS = NO;
				CLANG_ANALYZER_NONNULL = YES;
				CLANG_ANALYZER_NUMBER_OBJECT_CONVERSION = YES_AGGRESSIVE;
				CLANG_CXX_LANGUAGE_STANDARD = "gnu++0x";
				CLANG_CXX_LIBRARY = "libc++";
				CLANG_ENABLE_MODULES = YES;
				CLANG_ENABLE_OBJC_ARC = YES;
				CLANG_WARN_BOOL_CONVERSION = YES;
				CLANG_WARN_CONSTANT_CONVERSION = YES;
				CLANG_WARN_DIRECT_OBJC_ISA_USAGE = YES_ERROR;
				CLANG_WARN_DOCUMENTATION_COMMENTS = YES;
				CLANG_WARN_EMPTY_BODY = YES;
				CLANG_WARN_ENUM_CONVERSION = YES;
				CLANG_WARN_INFINITE_RECURSION = YES;
				CLANG_WARN_INT_CONVERSION = YES;
				CLANG_WARN_OBJC_ROOT_CLASS = YES_ERROR;
				CLANG_WARN_SUSPICIOUS_MOVE = YES;
				CLANG_WARN_UNREACHABLE_CODE = YES;
				CLANG_WARN__DUPLICATE_METHOD_MATCH = YES;
				"CODE_SIGN_IDENTITY[sdk=iphoneos*]" = "iPhone Developer";
				COPY_PHASE_STRIP = NO;
				DEBUG_INFORMATION_FORMAT = dwarf;
				ENABLE_STRICT_OBJC_MSGSEND = YES;
				ENABLE_TESTABILITY = YES;
				GCC_C_LANGUAGE_STANDARD = gnu99;
				GCC_DYNAMIC_NO_PIC = NO;
				GCC_NO_COMMON_BLOCKS = YES;
				GCC_OPTIMIZATION_LEVEL = 0;
				GCC_PREPROCESSOR_DEFINITIONS = (
					"DEBUG=1",
					"$(inherited)",
				);
				GCC_WARN_64_TO_32_BIT_CONVERSION = YES;
				GCC_WARN_ABOUT_RETURN_TYPE = YES_ERROR;
				GCC_WARN_UNDECLARED_SELECTOR = YES;
				GCC_WARN_UNINITIALIZED_AUTOS = YES_AGGRESSIVE;
				GCC_WARN_UNUSED_FUNCTION = YES;
				GCC_WARN_UNUSED_VARIABLE = YES;
				IPHONEOS_DEPLOYMENT_TARGET = 10.3;
				MTL_ENABLE_DEBUG_INFO = YES;
				ONLY_ACTIVE_ARCH = YES;
				SDKROOT = iphoneos;
				SWIFT_ACTIVE_COMPILATION_CONDITIONS = DEBUG;
				SWIFT_OPTIMIZATION_LEVEL = "-Onone";
				TARGETED_DEVICE_FAMILY = "1,2";
			};
			name = Debug;
		};
		813CEB8E1F460A5D003A9E44 /* Release */ = {
			isa = XCBuildConfiguration;
			buildSettings = {
				ALWAYS_SEARCH_USER_PATHS = NO;
				CLANG_ANALYZER_NONNULL = YES;
				CLANG_ANALYZER_NUMBER_OBJECT_CONVERSION = YES_AGGRESSIVE;
				CLANG_CXX_LANGUAGE_STANDARD = "gnu++0x";
				CLANG_CXX_LIBRARY = "libc++";
				CLANG_ENABLE_MODULES = YES;
				CLANG_ENABLE_OBJC_ARC = YES;
				CLANG_WARN_BOOL_CONVERSION = YES;
				CLANG_WARN_CONSTANT_CONVERSION = YES;
				CLANG_WARN_DIRECT_OBJC_ISA_USAGE = YES_ERROR;
				CLANG_WARN_DOCUMENTATION_COMMENTS = YES;
				CLANG_WARN_EMPTY_BODY = YES;
				CLANG_WARN_ENUM_CONVERSION = YES;
				CLANG_WARN_INFINITE_RECURSION = YES;
				CLANG_WARN_INT_CONVERSION = YES;
				CLANG_WARN_OBJC_ROOT_CLASS = YES_ERROR;
				CLANG_WARN_SUSPICIOUS_MOVE = YES;
				CLANG_WARN_UNREACHABLE_CODE = YES;
				CLANG_WARN__DUPLICATE_METHOD_MATCH = YES;
				"CODE_SIGN_IDENTITY[sdk=iphoneos*]" = "iPhone Developer";
				COPY_PHASE_STRIP = NO;
				DEBUG_INFORMATION_FORMAT = "dwarf-with-dsym";
				ENABLE_NS_ASSERTIONS = NO;
				ENABLE_STRICT_OBJC_MSGSEND = YES;
				GCC_C_LANGUAGE_STANDARD = gnu99;
				GCC_NO_COMMON_BLOCKS = YES;
				GCC_WARN_64_TO_32_BIT_CONVERSION = YES;
				GCC_WARN_ABOUT_RETURN_TYPE = YES_ERROR;
				GCC_WARN_UNDECLARED_SELECTOR = YES;
				GCC_WARN_UNINITIALIZED_AUTOS = YES_AGGRESSIVE;
				GCC_WARN_UNUSED_FUNCTION = YES;
				GCC_WARN_UNUSED_VARIABLE = YES;
				IPHONEOS_DEPLOYMENT_TARGET = 10.3;
				MTL_ENABLE_DEBUG_INFO = NO;
				SDKROOT = iphoneos;
				SWIFT_OPTIMIZATION_LEVEL = "-Owholemodule";
				TARGETED_DEVICE_FAMILY = "1,2";
				VALIDATE_PRODUCT = YES;
			};
			name = Release;
		};
		813CEB901F460A5D003A9E44 /* Debug */ = {
			isa = XCBuildConfiguration;
			baseConfigurationReference = 16077E1DB9AA408267771ECB /* Pods-Shoppr.debug.xcconfig */;
			buildSettings = {
				ASSETCATALOG_COMPILER_APPICON_NAME = AppIcon;
				DEVELOPMENT_TEAM = 3F9ZJ33XLL;
				INFOPLIST_FILE = Shoppr/Info.plist;
				LD_RUNPATH_SEARCH_PATHS = "$(inherited) @executable_path/Frameworks";
				PRODUCT_BUNDLE_IDENTIFIER = com.adamode.Shoppr;
				PRODUCT_NAME = "$(TARGET_NAME)";
				SWIFT_VERSION = 3.0;
			};
			name = Debug;
		};
		813CEB911F460A5D003A9E44 /* Release */ = {
			isa = XCBuildConfiguration;
			baseConfigurationReference = 87BEAF436212C7A95E63B0D8 /* Pods-Shoppr.release.xcconfig */;
			buildSettings = {
				ASSETCATALOG_COMPILER_APPICON_NAME = AppIcon;
				DEVELOPMENT_TEAM = 3F9ZJ33XLL;
				INFOPLIST_FILE = Shoppr/Info.plist;
				LD_RUNPATH_SEARCH_PATHS = "$(inherited) @executable_path/Frameworks";
				PRODUCT_BUNDLE_IDENTIFIER = com.adamode.Shoppr;
				PRODUCT_NAME = "$(TARGET_NAME)";
				SWIFT_VERSION = 3.0;
			};
			name = Release;
		};
/* End XCBuildConfiguration section */

/* Begin XCConfigurationList section */
		813CEB781F460A5D003A9E44 /* Build configuration list for PBXProject "Shoppr" */ = {
			isa = XCConfigurationList;
			buildConfigurations = (
				813CEB8D1F460A5D003A9E44 /* Debug */,
				813CEB8E1F460A5D003A9E44 /* Release */,
			);
			defaultConfigurationIsVisible = 0;
			defaultConfigurationName = Release;
		};
		813CEB8F1F460A5D003A9E44 /* Build configuration list for PBXNativeTarget "Shoppr" */ = {
			isa = XCConfigurationList;
			buildConfigurations = (
				813CEB901F460A5D003A9E44 /* Debug */,
				813CEB911F460A5D003A9E44 /* Release */,
			);
			defaultConfigurationIsVisible = 0;
			defaultConfigurationName = Release;
		};
/* End XCConfigurationList section */
	};
	rootObject = 813CEB751F460A5D003A9E44 /* Project object */;
}
